// !$*UTF8*$!
{
	archiveVersion = 1;
	classes = {
	};
	objectVersion = 55;
	objects = {

/* Begin PBXBuildFile section */
		3915191427FF8A4D001A8FEE /* full_dataset.json in Resources */ = {isa = PBXBuildFile; fileRef = 3915191327FF8A4D001A8FEE /* full_dataset.json */; };
		3949CE0028018BEB002A8CB1 /* audio in Resources */ = {isa = PBXBuildFile; fileRef = 3949CDFF28018BEB002A8CB1 /* audio */; };
		3949CE0328018CAF002A8CB1 /* AVFoundation.framework in Frameworks */ = {isa = PBXBuildFile; fileRef = 3949CE0228018CAF002A8CB1 /* AVFoundation.framework */; };
		399E34212800074A00DB2764 /* SurahDetailView.swift in Sources */ = {isa = PBXBuildFile; fileRef = 399E34202800074A00DB2764 /* SurahDetailView.swift */; };
		39C63264280055DB00CA2FD0 /* Mv_Elaaf_Normal.otf in Resources */ = {isa = PBXBuildFile; fileRef = 39C63263280055DB00CA2FD0 /* Mv_Elaaf_Normal.otf */; };
		39C632662800585900CA2FD0 /* KFGQPC Uthman Taha Naskh Regular.ttf in Resources */ = {isa = PBXBuildFile; fileRef = 39C632652800585900CA2FD0 /* KFGQPC Uthman Taha Naskh Regular.ttf */; };
		39C63268280059F900CA2FD0 /* me_quran_volt_newmet.ttf in Resources */ = {isa = PBXBuildFile; fileRef = 39C63267280059F900CA2FD0 /* me_quran_volt_newmet.ttf */; };
		39C6326A2800DD4E00CA2FD0 /* SurahBottomNavBar.swift in Sources */ = {isa = PBXBuildFile; fileRef = 39C632692800DD4E00CA2FD0 /* SurahBottomNavBar.swift */; };
		39D5FBE827FEDED0000EE197 /* QuranTharujamaApp.swift in Sources */ = {isa = PBXBuildFile; fileRef = 39D5FBE727FEDED0000EE197 /* QuranTharujamaApp.swift */; };
		39D5FBEA27FEDED0000EE197 /* HomeMainView.swift in Sources */ = {isa = PBXBuildFile; fileRef = 39D5FBE927FEDED0000EE197 /* HomeMainView.swift */; };
		39D5FBEC27FEDED2000EE197 /* Assets.xcassets in Resources */ = {isa = PBXBuildFile; fileRef = 39D5FBEB27FEDED2000EE197 /* Assets.xcassets */; };
		39D5FBEF27FEDED2000EE197 /* Preview Assets.xcassets in Resources */ = {isa = PBXBuildFile; fileRef = 39D5FBEE27FEDED2000EE197 /* Preview Assets.xcassets */; };
		39D5FBFD27FEE0FA000EE197 /* Models.swift in Sources */ = {isa = PBXBuildFile; fileRef = 39D5FBFC27FEE0FA000EE197 /* Models.swift */; };
		39D5FBFF27FEE20A000EE197 /* DataService.swift in Sources */ = {isa = PBXBuildFile; fileRef = 39D5FBFE27FEE20A000EE197 /* DataService.swift */; };
		39D5FC0127FEE3DB000EE197 /* ViewModels.swift in Sources */ = {isa = PBXBuildFile; fileRef = 39D5FC0027FEE3DB000EE197 /* ViewModels.swift */; };
		39D5FC0327FEE439000EE197 /* SurahListView.swift in Sources */ = {isa = PBXBuildFile; fileRef = 39D5FC0227FEE439000EE197 /* SurahListView.swift */; };
		39D5FC0527FF710D000EE197 /* HomeRowView.swift in Sources */ = {isa = PBXBuildFile; fileRef = 39D5FC0427FF710D000EE197 /* HomeRowView.swift */; };
/* End PBXBuildFile section */

/* Begin PBXFileReference section */
		3915191327FF8A4D001A8FEE /* full_dataset.json */ = {isa = PBXFileReference; fileEncoding = 4; lastKnownFileType = text.json; path = full_dataset.json; sourceTree = "<group>"; };
		3949CDFF28018BEB002A8CB1 /* audio */ = {isa = PBXFileReference; lastKnownFileType = folder; path = audio; sourceTree = "<group>"; };
		3949CE0228018CAF002A8CB1 /* AVFoundation.framework */ = {isa = PBXFileReference; lastKnownFileType = wrapper.framework; name = AVFoundation.framework; path = System/Library/Frameworks/AVFoundation.framework; sourceTree = SDKROOT; };
		399E34202800074A00DB2764 /* SurahDetailView.swift */ = {isa = PBXFileReference; lastKnownFileType = sourcecode.swift; path = SurahDetailView.swift; sourceTree = "<group>"; };
		39C63263280055DB00CA2FD0 /* Mv_Elaaf_Normal.otf */ = {isa = PBXFileReference; lastKnownFileType = file; path = Mv_Elaaf_Normal.otf; sourceTree = "<group>"; };
		39C632652800585900CA2FD0 /* KFGQPC Uthman Taha Naskh Regular.ttf */ = {isa = PBXFileReference; lastKnownFileType = file; path = "KFGQPC Uthman Taha Naskh Regular.ttf"; sourceTree = "<group>"; };
		39C63267280059F900CA2FD0 /* me_quran_volt_newmet.ttf */ = {isa = PBXFileReference; lastKnownFileType = file; path = me_quran_volt_newmet.ttf; sourceTree = "<group>"; };
		39C632692800DD4E00CA2FD0 /* SurahBottomNavBar.swift */ = {isa = PBXFileReference; lastKnownFileType = sourcecode.swift; path = SurahBottomNavBar.swift; sourceTree = "<group>"; };
		39D5FBE427FEDED0000EE197 /* QuranTharujama.app */ = {isa = PBXFileReference; explicitFileType = wrapper.application; includeInIndex = 0; path = QuranTharujama.app; sourceTree = BUILT_PRODUCTS_DIR; };
		39D5FBE727FEDED0000EE197 /* QuranTharujamaApp.swift */ = {isa = PBXFileReference; lastKnownFileType = sourcecode.swift; path = QuranTharujamaApp.swift; sourceTree = "<group>"; };
		39D5FBE927FEDED0000EE197 /* HomeMainView.swift */ = {isa = PBXFileReference; lastKnownFileType = sourcecode.swift; path = HomeMainView.swift; sourceTree = "<group>"; };
		39D5FBEB27FEDED2000EE197 /* Assets.xcassets */ = {isa = PBXFileReference; lastKnownFileType = folder.assetcatalog; path = Assets.xcassets; sourceTree = "<group>"; };
		39D5FBEE27FEDED2000EE197 /* Preview Assets.xcassets */ = {isa = PBXFileReference; lastKnownFileType = folder.assetcatalog; path = "Preview Assets.xcassets"; sourceTree = "<group>"; };
		39D5FBFC27FEE0FA000EE197 /* Models.swift */ = {isa = PBXFileReference; lastKnownFileType = sourcecode.swift; path = Models.swift; sourceTree = "<group>"; };
		39D5FBFE27FEE20A000EE197 /* DataService.swift */ = {isa = PBXFileReference; lastKnownFileType = sourcecode.swift; path = DataService.swift; sourceTree = "<group>"; };
		39D5FC0027FEE3DB000EE197 /* ViewModels.swift */ = {isa = PBXFileReference; lastKnownFileType = sourcecode.swift; path = ViewModels.swift; sourceTree = "<group>"; };
		39D5FC0227FEE439000EE197 /* SurahListView.swift */ = {isa = PBXFileReference; lastKnownFileType = sourcecode.swift; path = SurahListView.swift; sourceTree = "<group>"; };
		39D5FC0427FF710D000EE197 /* HomeRowView.swift */ = {isa = PBXFileReference; lastKnownFileType = sourcecode.swift; path = HomeRowView.swift; sourceTree = "<group>"; };
/* End PBXFileReference section */

/* Begin PBXFrameworksBuildPhase section */
		39D5FBE127FEDED0000EE197 /* Frameworks */ = {
			isa = PBXFrameworksBuildPhase;
			buildActionMask = 2147483647;
			files = (
				3949CE0328018CAF002A8CB1 /* AVFoundation.framework in Frameworks */,
			);
			runOnlyForDeploymentPostprocessing = 0;
		};
/* End PBXFrameworksBuildPhase section */

/* Begin PBXGroup section */
		3949CE0128018CAF002A8CB1 /* Frameworks */ = {
			isa = PBXGroup;
			children = (
				3949CE0228018CAF002A8CB1 /* AVFoundation.framework */,
			);
			name = Frameworks;
			sourceTree = "<group>";
		};
		39AB914927FFF7D900539667 /* Main */ = {
			isa = PBXGroup;
			children = (
				39D5FC0427FF710D000EE197 /* HomeRowView.swift */,
			);
			path = Main;
			sourceTree = "<group>";
		};
		39AB914A27FFF7EF00539667 /* Surah */ = {
			isa = PBXGroup;
			children = (
				39D5FC0227FEE439000EE197 /* SurahListView.swift */,
				399E34202800074A00DB2764 /* SurahDetailView.swift */,
				39C632692800DD4E00CA2FD0 /* SurahBottomNavBar.swift */,
			);
			path = Surah;
			sourceTree = "<group>";
		};
		39D5FBDB27FEDED0000EE197 = {
			isa = PBXGroup;
			children = (
				39D5FBE627FEDED0000EE197 /* QuranTharujama */,
				39D5FBE527FEDED0000EE197 /* Products */,
				3949CE0128018CAF002A8CB1 /* Frameworks */,
			);
			sourceTree = "<group>";
		};
		39D5FBE527FEDED0000EE197 /* Products */ = {
			isa = PBXGroup;
			children = (
				39D5FBE427FEDED0000EE197 /* QuranTharujama.app */,
			);
			name = Products;
			sourceTree = "<group>";
		};
		39D5FBE627FEDED0000EE197 /* QuranTharujama */ = {
			isa = PBXGroup;
			children = (
				39D5FBE727FEDED0000EE197 /* QuranTharujamaApp.swift */,
				39D5FBF727FEDEE7000EE197 /* Views */,
				39D5FBF827FEDEF0000EE197 /* ViewModels */,
				39D5FBF927FEDEF6000EE197 /* Models */,
				39D5FBF627FEDEE3000EE197 /* Services */,
				39D5FBF527FEDEDD000EE197 /* Data */,
				39D5FBEB27FEDED2000EE197 /* Assets.xcassets */,
				39D5FBED27FEDED2000EE197 /* Preview Content */,
			);
			path = QuranTharujama;
			sourceTree = "<group>";
		};
		39D5FBED27FEDED2000EE197 /* Preview Content */ = {
			isa = PBXGroup;
			children = (
				39D5FBEE27FEDED2000EE197 /* Preview Assets.xcassets */,
			);
			path = "Preview Content";
			sourceTree = "<group>";
		};
		39D5FBF527FEDEDD000EE197 /* Data */ = {
			isa = PBXGroup;
			children = (
				3949CDFF28018BEB002A8CB1 /* audio */,
				39C63267280059F900CA2FD0 /* me_quran_volt_newmet.ttf */,
				39C632652800585900CA2FD0 /* KFGQPC Uthman Taha Naskh Regular.ttf */,
				39C63263280055DB00CA2FD0 /* Mv_Elaaf_Normal.otf */,
				3915191327FF8A4D001A8FEE /* full_dataset.json */,
			);
			path = Data;
			sourceTree = "<group>";
		};
		39D5FBF627FEDEE3000EE197 /* Services */ = {
			isa = PBXGroup;
			children = (
				39D5FBFE27FEE20A000EE197 /* DataService.swift */,
			);
			path = Services;
			sourceTree = "<group>";
		};
		39D5FBF727FEDEE7000EE197 /* Views */ = {
			isa = PBXGroup;
			children = (
				39D5FBE927FEDED0000EE197 /* HomeMainView.swift */,
				39AB914927FFF7D900539667 /* Main */,
				39AB914A27FFF7EF00539667 /* Surah */,
			);
			path = Views;
			sourceTree = "<group>";
		};
		39D5FBF827FEDEF0000EE197 /* ViewModels */ = {
			isa = PBXGroup;
			children = (
				39D5FC0027FEE3DB000EE197 /* ViewModels.swift */,
			);
			path = ViewModels;
			sourceTree = "<group>";
		};
		39D5FBF927FEDEF6000EE197 /* Models */ = {
			isa = PBXGroup;
			children = (
				39D5FBFC27FEE0FA000EE197 /* Models.swift */,
			);
			path = Models;
			sourceTree = "<group>";
		};
/* End PBXGroup section */

/* Begin PBXNativeTarget section */
		39D5FBE327FEDED0000EE197 /* QuranTharujama */ = {
			isa = PBXNativeTarget;
			buildConfigurationList = 39D5FBF227FEDED2000EE197 /* Build configuration list for PBXNativeTarget "QuranTharujama" */;
			buildPhases = (
				39D5FBE027FEDED0000EE197 /* Sources */,
				39D5FBE127FEDED0000EE197 /* Frameworks */,
				39D5FBE227FEDED0000EE197 /* Resources */,
			);
			buildRules = (
			);
			dependencies = (
			);
			name = QuranTharujama;
			productName = QuranTharujama;
			productReference = 39D5FBE427FEDED0000EE197 /* QuranTharujama.app */;
			productType = "com.apple.product-type.application";
		};
/* End PBXNativeTarget section */

/* Begin PBXProject section */
		39D5FBDC27FEDED0000EE197 /* Project object */ = {
			isa = PBXProject;
			attributes = {
				BuildIndependentTargetsInParallel = 1;
				LastSwiftUpdateCheck = 1330;
				LastUpgradeCheck = 1330;
				TargetAttributes = {
					39D5FBE327FEDED0000EE197 = {
						CreatedOnToolsVersion = 13.3;
					};
				};
			};
			buildConfigurationList = 39D5FBDF27FEDED0000EE197 /* Build configuration list for PBXProject "QuranTharujama" */;
			compatibilityVersion = "Xcode 13.0";
			developmentRegion = en;
			hasScannedForEncodings = 0;
			knownRegions = (
				en,
				Base,
			);
			mainGroup = 39D5FBDB27FEDED0000EE197;
			productRefGroup = 39D5FBE527FEDED0000EE197 /* Products */;
			projectDirPath = "";
			projectRoot = "";
			targets = (
				39D5FBE327FEDED0000EE197 /* QuranTharujama */,
			);
		};
/* End PBXProject section */

/* Begin PBXResourcesBuildPhase section */
		39D5FBE227FEDED0000EE197 /* Resources */ = {
			isa = PBXResourcesBuildPhase;
			buildActionMask = 2147483647;
			files = (
				39C632662800585900CA2FD0 /* KFGQPC Uthman Taha Naskh Regular.ttf in Resources */,
				3915191427FF8A4D001A8FEE /* full_dataset.json in Resources */,
				3949CE0028018BEB002A8CB1 /* audio in Resources */,
				39D5FBEF27FEDED2000EE197 /* Preview Assets.xcassets in Resources */,
				39C63264280055DB00CA2FD0 /* Mv_Elaaf_Normal.otf in Resources */,
				39D5FBEC27FEDED2000EE197 /* Assets.xcassets in Resources */,
				39C63268280059F900CA2FD0 /* me_quran_volt_newmet.ttf in Resources */,
			);
			runOnlyForDeploymentPostprocessing = 0;
		};
/* End PBXResourcesBuildPhase section */

/* Begin PBXSourcesBuildPhase section */
		39D5FBE027FEDED0000EE197 /* Sources */ = {
			isa = PBXSourcesBuildPhase;
			buildActionMask = 2147483647;
			files = (
				39D5FC0327FEE439000EE197 /* SurahListView.swift in Sources */,
				399E34212800074A00DB2764 /* SurahDetailView.swift in Sources */,
				39D5FBFD27FEE0FA000EE197 /* Models.swift in Sources */,
				39D5FBEA27FEDED0000EE197 /* HomeMainView.swift in Sources */,
				39D5FC0527FF710D000EE197 /* HomeRowView.swift in Sources */,
				39D5FC0127FEE3DB000EE197 /* ViewModels.swift in Sources */,
				39D5FBE827FEDED0000EE197 /* QuranTharujamaApp.swift in Sources */,
				39C6326A2800DD4E00CA2FD0 /* SurahBottomNavBar.swift in Sources */,
				39D5FBFF27FEE20A000EE197 /* DataService.swift in Sources */,
			);
			runOnlyForDeploymentPostprocessing = 0;
		};
/* End PBXSourcesBuildPhase section */

/* Begin XCBuildConfiguration section */
		39D5FBF027FEDED2000EE197 /* Debug */ = {
			isa = XCBuildConfiguration;
			buildSettings = {
				ALWAYS_SEARCH_USER_PATHS = NO;
				CLANG_ANALYZER_NONNULL = YES;
				CLANG_ANALYZER_NUMBER_OBJECT_CONVERSION = YES_AGGRESSIVE;
				CLANG_CXX_LANGUAGE_STANDARD = "gnu++17";
				CLANG_ENABLE_MODULES = YES;
				CLANG_ENABLE_OBJC_ARC = YES;
				CLANG_ENABLE_OBJC_WEAK = YES;
				CLANG_WARN_BLOCK_CAPTURE_AUTORELEASING = YES;
				CLANG_WARN_BOOL_CONVERSION = YES;
				CLANG_WARN_COMMA = YES;
				CLANG_WARN_CONSTANT_CONVERSION = YES;
				CLANG_WARN_DEPRECATED_OBJC_IMPLEMENTATIONS = YES;
				CLANG_WARN_DIRECT_OBJC_ISA_USAGE = YES_ERROR;
				CLANG_WARN_DOCUMENTATION_COMMENTS = YES;
				CLANG_WARN_EMPTY_BODY = YES;
				CLANG_WARN_ENUM_CONVERSION = YES;
				CLANG_WARN_INFINITE_RECURSION = YES;
				CLANG_WARN_INT_CONVERSION = YES;
				CLANG_WARN_NON_LITERAL_NULL_CONVERSION = YES;
				CLANG_WARN_OBJC_IMPLICIT_RETAIN_SELF = YES;
				CLANG_WARN_OBJC_LITERAL_CONVERSION = YES;
				CLANG_WARN_OBJC_ROOT_CLASS = YES_ERROR;
				CLANG_WARN_QUOTED_INCLUDE_IN_FRAMEWORK_HEADER = YES;
				CLANG_WARN_RANGE_LOOP_ANALYSIS = YES;
				CLANG_WARN_STRICT_PROTOTYPES = YES;
				CLANG_WARN_SUSPICIOUS_MOVE = YES;
				CLANG_WARN_UNGUARDED_AVAILABILITY = YES_AGGRESSIVE;
				CLANG_WARN_UNREACHABLE_CODE = YES;
				CLANG_WARN__DUPLICATE_METHOD_MATCH = YES;
				COPY_PHASE_STRIP = NO;
				DEBUG_INFORMATION_FORMAT = dwarf;
				ENABLE_STRICT_OBJC_MSGSEND = YES;
				ENABLE_TESTABILITY = YES;
				GCC_C_LANGUAGE_STANDARD = gnu11;
				GCC_DYNAMIC_NO_PIC = NO;
				GCC_NO_COMMON_BLOCKS = YES;
				GCC_OPTIMIZATION_LEVEL = 0;
				GCC_PREPROCESSOR_DEFINITIONS = (
					"DEBUG=1",
					"$(inherited)",
				);
				GCC_WARN_64_TO_32_BIT_CONVERSION = YES;
				GCC_WARN_ABOUT_RETURN_TYPE = YES_ERROR;
				GCC_WARN_UNDECLARED_SELECTOR = YES;
				GCC_WARN_UNINITIALIZED_AUTOS = YES_AGGRESSIVE;
				GCC_WARN_UNUSED_FUNCTION = YES;
				GCC_WARN_UNUSED_VARIABLE = YES;
				IPHONEOS_DEPLOYMENT_TARGET = 15.4;
				MTL_ENABLE_DEBUG_INFO = INCLUDE_SOURCE;
				MTL_FAST_MATH = YES;
				ONLY_ACTIVE_ARCH = YES;
				SDKROOT = iphoneos;
				SWIFT_ACTIVE_COMPILATION_CONDITIONS = DEBUG;
				SWIFT_OPTIMIZATION_LEVEL = "-Onone";
			};
			name = Debug;
		};
		39D5FBF127FEDED2000EE197 /* Release */ = {
			isa = XCBuildConfiguration;
			buildSettings = {
				ALWAYS_SEARCH_USER_PATHS = NO;
				CLANG_ANALYZER_NONNULL = YES;
				CLANG_ANALYZER_NUMBER_OBJECT_CONVERSION = YES_AGGRESSIVE;
				CLANG_CXX_LANGUAGE_STANDARD = "gnu++17";
				CLANG_ENABLE_MODULES = YES;
				CLANG_ENABLE_OBJC_ARC = YES;
				CLANG_ENABLE_OBJC_WEAK = YES;
				CLANG_WARN_BLOCK_CAPTURE_AUTORELEASING = YES;
				CLANG_WARN_BOOL_CONVERSION = YES;
				CLANG_WARN_COMMA = YES;
				CLANG_WARN_CONSTANT_CONVERSION = YES;
				CLANG_WARN_DEPRECATED_OBJC_IMPLEMENTATIONS = YES;
				CLANG_WARN_DIRECT_OBJC_ISA_USAGE = YES_ERROR;
				CLANG_WARN_DOCUMENTATION_COMMENTS = YES;
				CLANG_WARN_EMPTY_BODY = YES;
				CLANG_WARN_ENUM_CONVERSION = YES;
				CLANG_WARN_INFINITE_RECURSION = YES;
				CLANG_WARN_INT_CONVERSION = YES;
				CLANG_WARN_NON_LITERAL_NULL_CONVERSION = YES;
				CLANG_WARN_OBJC_IMPLICIT_RETAIN_SELF = YES;
				CLANG_WARN_OBJC_LITERAL_CONVERSION = YES;
				CLANG_WARN_OBJC_ROOT_CLASS = YES_ERROR;
				CLANG_WARN_QUOTED_INCLUDE_IN_FRAMEWORK_HEADER = YES;
				CLANG_WARN_RANGE_LOOP_ANALYSIS = YES;
				CLANG_WARN_STRICT_PROTOTYPES = YES;
				CLANG_WARN_SUSPICIOUS_MOVE = YES;
				CLANG_WARN_UNGUARDED_AVAILABILITY = YES_AGGRESSIVE;
				CLANG_WARN_UNREACHABLE_CODE = YES;
				CLANG_WARN__DUPLICATE_METHOD_MATCH = YES;
				COPY_PHASE_STRIP = NO;
				DEBUG_INFORMATION_FORMAT = "dwarf-with-dsym";
				ENABLE_NS_ASSERTIONS = NO;
				ENABLE_STRICT_OBJC_MSGSEND = YES;
				GCC_C_LANGUAGE_STANDARD = gnu11;
				GCC_NO_COMMON_BLOCKS = YES;
				GCC_WARN_64_TO_32_BIT_CONVERSION = YES;
				GCC_WARN_ABOUT_RETURN_TYPE = YES_ERROR;
				GCC_WARN_UNDECLARED_SELECTOR = YES;
				GCC_WARN_UNINITIALIZED_AUTOS = YES_AGGRESSIVE;
				GCC_WARN_UNUSED_FUNCTION = YES;
				GCC_WARN_UNUSED_VARIABLE = YES;
				IPHONEOS_DEPLOYMENT_TARGET = 15.4;
				MTL_ENABLE_DEBUG_INFO = NO;
				MTL_FAST_MATH = YES;
				SDKROOT = iphoneos;
				SWIFT_COMPILATION_MODE = wholemodule;
				SWIFT_OPTIMIZATION_LEVEL = "-O";
				VALIDATE_PRODUCT = YES;
			};
			name = Release;
		};
		39D5FBF327FEDED2000EE197 /* Debug */ = {
			isa = XCBuildConfiguration;
			buildSettings = {
				ASSETCATALOG_COMPILER_APPICON_NAME = AppIcon;
				ASSETCATALOG_COMPILER_GLOBAL_ACCENT_COLOR_NAME = AccentColor;
				CODE_SIGN_STYLE = Automatic;
				CURRENT_PROJECT_VERSION = 1;
				DEVELOPMENT_ASSET_PATHS = "\"QuranTharujama/Preview Content\"";
				DEVELOPMENT_TEAM = 4HKB37NRY9;
				ENABLE_PREVIEWS = YES;
				GENERATE_INFOPLIST_FILE = YES;
				INFOPLIST_FILE = QuranTharujama/Info.plist;
				INFOPLIST_KEY_UIApplicationSceneManifest_Generation = YES;
				INFOPLIST_KEY_UIApplicationSupportsIndirectInputEvents = YES;
				INFOPLIST_KEY_UILaunchScreen_Generation = YES;
				INFOPLIST_KEY_UISupportedInterfaceOrientations_iPad = "UIInterfaceOrientationPortrait UIInterfaceOrientationPortraitUpsideDown UIInterfaceOrientationLandscapeLeft UIInterfaceOrientationLandscapeRight";
				INFOPLIST_KEY_UISupportedInterfaceOrientations_iPhone = "UIInterfaceOrientationPortrait UIInterfaceOrientationLandscapeLeft UIInterfaceOrientationLandscapeRight";
				LD_RUNPATH_SEARCH_PATHS = (
					"$(inherited)",
					"@executable_path/Frameworks",
				);
				MARKETING_VERSION = 1.0;
				PRODUCT_BUNDLE_IDENTIFIER = eyaadh.QuranTharujama;
				PRODUCT_NAME = "$(TARGET_NAME)";
				SWIFT_EMIT_LOC_STRINGS = YES;
				SWIFT_VERSION = 5.0;
				TARGETED_DEVICE_FAMILY = "1,2";
			};
			name = Debug;
		};
		39D5FBF427FEDED2000EE197 /* Release */ = {
			isa = XCBuildConfiguration;
			buildSettings = {
				ASSETCATALOG_COMPILER_APPICON_NAME = AppIcon;
				ASSETCATALOG_COMPILER_GLOBAL_ACCENT_COLOR_NAME = AccentColor;
				CODE_SIGN_STYLE = Automatic;
				CURRENT_PROJECT_VERSION = 1;
				DEVELOPMENT_ASSET_PATHS = "\"QuranTharujama/Preview Content\"";
				DEVELOPMENT_TEAM = 4HKB37NRY9;
				ENABLE_PREVIEWS = YES;
				GENERATE_INFOPLIST_FILE = YES;
				INFOPLIST_FILE = QuranTharujama/Info.plist;
				INFOPLIST_KEY_UIApplicationSceneManifest_Generation = YES;
				INFOPLIST_KEY_UIApplicationSupportsIndirectInputEvents = YES;
				INFOPLIST_KEY_UILaunchScreen_Generation = YES;
				INFOPLIST_KEY_UISupportedInterfaceOrientations_iPad = "UIInterfaceOrientationPortrait UIInterfaceOrientationPortraitUpsideDown UIInterfaceOrientationLandscapeLeft UIInterfaceOrientationLandscapeRight";
				INFOPLIST_KEY_UISupportedInterfaceOrientations_iPhone = "UIInterfaceOrientationPortrait UIInterfaceOrientationLandscapeLeft UIInterfaceOrientationLandscapeRight";
				LD_RUNPATH_SEARCH_PATHS = (
					"$(inherited)",
					"@executable_path/Frameworks",
				);
				MARKETING_VERSION = 1.0;
				PRODUCT_BUNDLE_IDENTIFIER = eyaadh.QuranTharujama;
				PRODUCT_NAME = "$(TARGET_NAME)";
				SWIFT_EMIT_LOC_STRINGS = YES;
				SWIFT_VERSION = 5.0;
				TARGETED_DEVICE_FAMILY = "1,2";
			};
			name = Release;
		};
/* End XCBuildConfiguration section */

/* Begin XCConfigurationList section */
		39D5FBDF27FEDED0000EE197 /* Build configuration list for PBXProject "QuranTharujama" */ = {
			isa = XCConfigurationList;
			buildConfigurations = (
				39D5FBF027FEDED2000EE197 /* Debug */,
				39D5FBF127FEDED2000EE197 /* Release */,
			);
			defaultConfigurationIsVisible = 0;
			defaultConfigurationName = Release;
		};
		39D5FBF227FEDED2000EE197 /* Build configuration list for PBXNativeTarget "QuranTharujama" */ = {
			isa = XCConfigurationList;
			buildConfigurations = (
				39D5FBF327FEDED2000EE197 /* Debug */,
				39D5FBF427FEDED2000EE197 /* Release */,
			);
			defaultConfigurationIsVisible = 0;
			defaultConfigurationName = Release;
		};
/* End XCConfigurationList section */
	};
	rootObject = 39D5FBDC27FEDED0000EE197 /* Project object */;
}
